{
    "name": "graphscript-router",
    "version": "0.3.15",
    "lockfileVersion": 3,
    "requires": true,
    "packages": {
        "": {
            "name": "graphscript-router",
            "version": "0.3.15",
            "license": "LGPL-3.0-or-later",
            "dependencies": {
                "graphscript-core": "~0.3.6"
            },
            "devDependencies": {
                "@types/node": "~18.7.15"
            }
        },
        "node_modules/@types/node": {
            "version": "18.7.23",
            "resolved": "https://registry.npmjs.org/@types/node/-/node-18.7.23.tgz",
            "integrity": "sha512-DWNcCHolDq0ZKGizjx2DZjR/PqsYwAcYUJmfMWqtVU2MBMG5Mo+xFZrhGId5r/O5HOuMPyQEcM6KUBp5lBZZBg==",
            "dev": true
        },
        "node_modules/graphscript-core": {
            "version": "0.3.6",
            "resolved": "https://registry.npmjs.org/graphscript-core/-/graphscript-core-0.3.6.tgz",
            "integrity": "sha512-OCcWxGsk2ne1nSTSx1SXKJYeFUxcoIsieu5JuSfQLAdSzfytXjgwIw+F7xm7T7hU8uM6N01OCjA7ODg8aMTygg=="
        }
    }
}
